
Microsoft Visual Studio Solution File, Format Version 12.00
# Visual Studio Version 16
VisualStudioVersion = 16.0.810.21
MinimumVisualStudioVersion = 10.0.40219.1
Project("{FAE04EC0-301F-11D3-BF4B-00C04F79EFBC}") = "DominoChain", "DominoChain\DominoChain.csproj", "{DB7A2845-E679-4B56-AC12-65891F6C6FA3}"
EndProject
Global
	GlobalSection(SolutionConfigurationPlatforms) = preSolution
		Debug|Any CPU = Debug|Any CPU
		Release|Any CPU = Release|Any CPU
	EndGlobalSection
	GlobalSection(ProjectConfigurationPlatforms) = postSolution
		{DB7A2845-E679-4B56-AC12-65891F6C6FA3}.Debug|Any CPU.ActiveCfg = Debug|Any CPU
		{DB7A2845-E679-4B56-AC12-65891F6C6FA3}.Debug|Any CPU.Build.0 = Debug|Any CPU
		{DB7A2845-E679-4B56-AC12-65891F6C6FA3}.Release|Any CPU.ActiveCfg = Release|Any CPU
		{DB7A2845-E679-4B56-AC12-65891F6C6FA3}.Release|Any CPU.Build.0 = Release|Any CPU
	EndGlobalSection
	GlobalSection(SolutionProperties) = preSolution
		HideSolutionNode = FALSE
	EndGlobalSection
	GlobalSection(ExtensibilityGlobals) = postSolution
		SolutionGuid = {48C71CBA-423E-46D4-A6D4-A992A35A7CB5}
	EndGlobalSection
EndGlobal
